
Microsoft Visual Studio Solution File, Format Version 12.00
# Visual Studio 15
VisualStudioVersion = 15.0.28307.168
MinimumVisualStudioVersion = 10.0.40219.1
Project("{FAE04EC0-301F-11D3-BF4B-00C04F79EFBC}") = "MathProblemCreator", "MathProblemCreator\MathProblemCreator.csproj", "{4DE61ED4-ACE4-4C49-ABA5-01054BBFF2DE}"
EndProject
Global
	GlobalSection(SolutionConfigurationPlatforms) = preSolution
		Debug|Any CPU = Debug|Any CPU
		Release|Any CPU = Release|Any CPU
	EndGlobalSection
	GlobalSection(ProjectConfigurationPlatforms) = postSolution
		{4DE61ED4-ACE4-4C49-ABA5-01054BBFF2DE}.Debug|Any CPU.ActiveCfg = Debug|Any CPU
		{4DE61ED4-ACE4-4C49-ABA5-01054BBFF2DE}.Debug|Any CPU.Build.0 = Debug|Any CPU
		{4DE61ED4-ACE4-4C49-ABA5-01054BBFF2DE}.Release|Any CPU.ActiveCfg = Release|Any CPU
		{4DE61ED4-ACE4-4C49-ABA5-01054BBFF2DE}.Release|Any CPU.Build.0 = Release|Any CPU
	EndGlobalSection
	GlobalSection(SolutionProperties) = preSolution
		HideSolutionNode = FALSE
	EndGlobalSection
	GlobalSection(ExtensibilityGlobals) = postSolution
		SolutionGuid = {D6F0BDFC-94F6-404C-B130-9B551D4CA412}
	EndGlobalSection
EndGlobal
